
Microsoft Visual Studio Solution File, Format Version 12.00
# Visual Studio Version 17
VisualStudioVersion = 17.1.32228.430
MinimumVisualStudioVersion = 10.0.40219.1
Project("{FAE04EC0-301F-11D3-BF4B-00C04F79EFBC}") = "DesignPattern", "DesignPattern\DesignPattern.csproj", "{D5FE02D2-7B51-4DB7-88C3-597F3B1BABC6}"
EndProject
Global
	GlobalSection(SolutionConfigurationPlatforms) = preSolution
		Debug|Any CPU = Debug|Any CPU
		Release|Any CPU = Release|Any CPU
	EndGlobalSection
	GlobalSection(ProjectConfigurationPlatforms) = postSolution
		{D5FE02D2-7B51-4DB7-88C3-597F3B1BABC6}.Debug|Any CPU.ActiveCfg = Debug|Any CPU
		{D5FE02D2-7B51-4DB7-88C3-597F3B1BABC6}.Debug|Any CPU.Build.0 = Debug|Any CPU
		{D5FE02D2-7B51-4DB7-88C3-597F3B1BABC6}.Release|Any CPU.ActiveCfg = Release|Any CPU
		{D5FE02D2-7B51-4DB7-88C3-597F3B1BABC6}.Release|Any CPU.Build.0 = Release|Any CPU
	EndGlobalSection
	GlobalSection(SolutionProperties) = preSolution
		HideSolutionNode = FALSE
	EndGlobalSection
	GlobalSection(ExtensibilityGlobals) = postSolution
		SolutionGuid = {776E7E92-2178-48AD-ABAB-3AE6AF24857E}
	EndGlobalSection
EndGlobal
